
Microsoft Visual Studio Solution File, Format Version 12.00
# Visual Studio Version 17
VisualStudioVersion = 17.0.31903.59
MinimumVisualStudioVersion = 10.0.40219.1
Project("{2150E333-8FDC-42A3-9474-1A3956D46DE8}") = "Backend", "Backend", "{1AE8ACA6-933B-BF2A-3671-3E2EAC007D16}"
EndProject
Project("{FAE04EC0-301F-11D3-BF4B-00C04F79EFBC}") = "Kleios.Backend.Authentication", "Backend\Kleios.Backend.Authentication\Kleios.Backend.Authentication.csproj", "{DD7BD67B-18B0-4867-95FB-0D7D808E8E86}"
EndProject
Project("{2150E333-8FDC-42A3-9474-1A3956D46DE8}") = "Frontend", "Frontend", "{CE609670-85B9-0D16-FB54-ED063D5D8A6D}"
EndProject
Project("{2150E333-8FDC-42A3-9474-1A3956D46DE8}") = "Host", "Host", "{1386EB73-4D46-1E87-6D96-F24F141CC914}"
EndProject
Project("{FAE04EC0-301F-11D3-BF4B-00C04F79EFBC}") = "Kleios.Host", "Frontend\Host\Kleios.Host.csproj", "{F436E7A0-74E8-4B39-AEF7-31651753AAAC}"
EndProject
Project("{FAE04EC0-301F-11D3-BF4B-00C04F79EFBC}") = "Kleios.AppHost", "Orchestration\Kleios.AppHost\Kleios.AppHost.csproj", "{D6D72BC4-2D30-6D70-7335-A44FA87B92BD}"
EndProject
Project("{2150E333-8FDC-42A3-9474-1A3956D46DE8}") = "Orchestration", "Orchestration", "{6C83A596-D32D-B35F-00DD-F0C99B673980}"
EndProject
Project("{FAE04EC0-301F-11D3-BF4B-00C04F79EFBC}") = "Kleios.ServiceDefaults", "Orchestration\Kleios.ServiceDefaults\Kleios.ServiceDefaults.csproj", "{134A987C-5DCC-11DE-EDC0-F3B33472D148}"
EndProject
Project("{2150E333-8FDC-42A3-9474-1A3956D46DE8}") = "Modules", "Modules", "{34EAF5CD-A7F6-467E-BA4F-B2896A9EE49A}"
EndProject
Project("{FAE04EC0-301F-11D3-BF4B-00C04F79EFBC}") = "Kleios.Modules.Auth", "Frontend\Modules\Kleios.Modules.Auth\Kleios.Modules.Auth.csproj", "{2BA7536A-3B93-80CC-1384-E053464EF5D9}"
EndProject
Project("{FAE04EC0-301F-11D3-BF4B-00C04F79EFBC}") = "Kleios.Database", "Backend\Kleios.Database\Kleios.Database.csproj", "{DA00F376-A618-4706-B7CB-40A1A14B6A55}"
EndProject
Project("{2150E333-8FDC-42A3-9474-1A3956D46DE8}") = "Shared", "Shared", "{4F52FD11-658E-A102-6CD3-7D7C16FFA15B}"
EndProject
Project("{FAE04EC0-301F-11D3-BF4B-00C04F79EFBC}") = "Kleios.Shared", "Shared\Kleios.Shared\Kleios.Shared.csproj", "{84E0DB27-DE24-447B-AD22-3199D51FE560}"
EndProject
Project("{2150E333-8FDC-42A3-9474-1A3956D46DE8}") = "Shared", "Shared", "{FB535C2D-5F9E-8F9D-3078-E1807DACB549}"
EndProject
Project("{FAE04EC0-301F-11D3-BF4B-00C04F79EFBC}") = "Kleios.Frontend.Shared", "Frontend\Shared\Kleios.Frontend.Shared\Kleios.Frontend.Shared.csproj", "{EF8AB041-7B2B-45E3-A121-47BAC9DAB3A9}"
EndProject
Project("{2150E333-8FDC-42A3-9474-1A3956D46DE8}") = "Infrastructure", "Infrastructure", "{B5A317D2-94A9-FE6E-E6B2-08AFA0125FA7}"
EndProject
Project("{FAE04EC0-301F-11D3-BF4B-00C04F79EFBC}") = "Kleios.Frontend.Infrastructure", "Frontend\Infrastructure\Kleios.Frontend.Infrastructure\Kleios.Frontend.Infrastructure.csproj", "{7D787450-BE49-4B83-9AF3-EC36416223B6}"
EndProject
Project("{FAE04EC0-301F-11D3-BF4B-00C04F79EFBC}") = "Kleios.Backend.Shared", "Backend\Kleios.Backend.Shared\Kleios.Backend.Shared.csproj", "{AEAFD048-F3E0-4837-A05C-87B611A35E95}"
EndProject
Project("{2150E333-8FDC-42A3-9474-1A3956D46DE8}") = "Tests", "Tests", "{582FDB09-C0FC-D983-E123-58781FC5EDAF}"
EndProject
Project("{FAE04EC0-301F-11D3-BF4B-00C04F79EFBC}") = "Kleios.Frontend.Tests", "Frontend\Tests\Kleios.Frontend.Tests\Kleios.Frontend.Tests.csproj", "{F11C2682-EA0B-40A2-AD4E-DC4FC9567BDB}"
EndProject
Project("{FAE04EC0-301F-11D3-BF4B-00C04F79EFBC}") = "Kleios.Backend.SystemAdmin", "Backend\Kleios.Backend.System\Kleios.Backend.SystemAdmin.csproj", "{D9DADEFB-B55F-4FC9-AE73-DB49C0F2166F}"
EndProject
Project("{FAE04EC0-301F-11D3-BF4B-00C04F79EFBC}") = "Kleios.Modules.System", "Frontend\Modules\Kleios.Modules.System\Kleios.Modules.System.csproj", "{FC1203EC-4681-4989-B8DE-787C20104427}"
EndProject
Project("{FAE04EC0-301F-11D3-BF4B-00C04F79EFBC}") = "Kleios.Frontend.Components", "Frontend\Shared\Kleios.Frontend.Components\Kleios.Frontend.Components.csproj", "{B930D99F-D6D6-4100-93F4-786296AA66FB}"
EndProject
Global
	GlobalSection(SolutionConfigurationPlatforms) = preSolution
		Debug|Any CPU = Debug|Any CPU
		Debug|x64 = Debug|x64
		Debug|x86 = Debug|x86
		Release|Any CPU = Release|Any CPU
		Release|x64 = Release|x64
		Release|x86 = Release|x86
	EndGlobalSection
	GlobalSection(ProjectConfigurationPlatforms) = postSolution
		{DD7BD67B-18B0-4867-95FB-0D7D808E8E86}.Debug|Any CPU.ActiveCfg = Debug|Any CPU
		{DD7BD67B-18B0-4867-95FB-0D7D808E8E86}.Debug|Any CPU.Build.0 = Debug|Any CPU
		{DD7BD67B-18B0-4867-95FB-0D7D808E8E86}.Debug|x64.ActiveCfg = Debug|Any CPU
		{DD7BD67B-18B0-4867-95FB-0D7D808E8E86}.Debug|x64.Build.0 = Debug|Any CPU
		{DD7BD67B-18B0-4867-95FB-0D7D808E8E86}.Debug|x86.ActiveCfg = Debug|Any CPU
		{DD7BD67B-18B0-4867-95FB-0D7D808E8E86}.Debug|x86.Build.0 = Debug|Any CPU
		{DD7BD67B-18B0-4867-95FB-0D7D808E8E86}.Release|Any CPU.ActiveCfg = Release|Any CPU
		{DD7BD67B-18B0-4867-95FB-0D7D808E8E86}.Release|Any CPU.Build.0 = Release|Any CPU
		{DD7BD67B-18B0-4867-95FB-0D7D808E8E86}.Release|x64.ActiveCfg = Release|Any CPU
		{DD7BD67B-18B0-4867-95FB-0D7D808E8E86}.Release|x64.Build.0 = Release|Any CPU
		{DD7BD67B-18B0-4867-95FB-0D7D808E8E86}.Release|x86.ActiveCfg = Release|Any CPU
		{DD7BD67B-18B0-4867-95FB-0D7D808E8E86}.Release|x86.Build.0 = Release|Any CPU
		{F436E7A0-74E8-4B39-AEF7-31651753AAAC}.Debug|Any CPU.ActiveCfg = Debug|Any CPU
		{F436E7A0-74E8-4B39-AEF7-31651753AAAC}.Debug|Any CPU.Build.0 = Debug|Any CPU
		{F436E7A0-74E8-4B39-AEF7-31651753AAAC}.Debug|x64.ActiveCfg = Debug|Any CPU
		{F436E7A0-74E8-4B39-AEF7-31651753AAAC}.Debug|x64.Build.0 = Debug|Any CPU
		{F436E7A0-74E8-4B39-AEF7-31651753AAAC}.Debug|x86.ActiveCfg = Debug|Any CPU
		{F436E7A0-74E8-4B39-AEF7-31651753AAAC}.Debug|x86.Build.0 = Debug|Any CPU
		{F436E7A0-74E8-4B39-AEF7-31651753AAAC}.Release|Any CPU.ActiveCfg = Release|Any CPU
		{F436E7A0-74E8-4B39-AEF7-31651753AAAC}.Release|Any CPU.Build.0 = Release|Any CPU
		{F436E7A0-74E8-4B39-AEF7-31651753AAAC}.Release|x64.ActiveCfg = Release|Any CPU
		{F436E7A0-74E8-4B39-AEF7-31651753AAAC}.Release|x64.Build.0 = Release|Any CPU
		{F436E7A0-74E8-4B39-AEF7-31651753AAAC}.Release|x86.ActiveCfg = Release|Any CPU
		{F436E7A0-74E8-4B39-AEF7-31651753AAAC}.Release|x86.Build.0 = Release|Any CPU
		{D6D72BC4-2D30-6D70-7335-A44FA87B92BD}.Debug|Any CPU.ActiveCfg = Debug|Any CPU
		{D6D72BC4-2D30-6D70-7335-A44FA87B92BD}.Debug|Any CPU.Build.0 = Debug|Any CPU
		{D6D72BC4-2D30-6D70-7335-A44FA87B92BD}.Debug|x64.ActiveCfg = Debug|Any CPU
		{D6D72BC4-2D30-6D70-7335-A44FA87B92BD}.Debug|x64.Build.0 = Debug|Any CPU
		{D6D72BC4-2D30-6D70-7335-A44FA87B92BD}.Debug|x86.ActiveCfg = Debug|Any CPU
		{D6D72BC4-2D30-6D70-7335-A44FA87B92BD}.Debug|x86.Build.0 = Debug|Any CPU
		{D6D72BC4-2D30-6D70-7335-A44FA87B92BD}.Release|Any CPU.ActiveCfg = Release|Any CPU
		{D6D72BC4-2D30-6D70-7335-A44FA87B92BD}.Release|Any CPU.Build.0 = Release|Any CPU
		{D6D72BC4-2D30-6D70-7335-A44FA87B92BD}.Release|x64.ActiveCfg = Release|Any CPU
		{D6D72BC4-2D30-6D70-7335-A44FA87B92BD}.Release|x64.Build.0 = Release|Any CPU
		{D6D72BC4-2D30-6D70-7335-A44FA87B92BD}.Release|x86.ActiveCfg = Release|Any CPU
		{D6D72BC4-2D30-6D70-7335-A44FA87B92BD}.Release|x86.Build.0 = Release|Any CPU
		{134A987C-5DCC-11DE-EDC0-F3B33472D148}.Debug|Any CPU.ActiveCfg = Debug|Any CPU
		{134A987C-5DCC-11DE-EDC0-F3B33472D148}.Debug|Any CPU.Build.0 = Debug|Any CPU
		{134A987C-5DCC-11DE-EDC0-F3B33472D148}.Debug|x64.ActiveCfg = Debug|Any CPU
		{134A987C-5DCC-11DE-EDC0-F3B33472D148}.Debug|x64.Build.0 = Debug|Any CPU
		{134A987C-5DCC-11DE-EDC0-F3B33472D148}.Debug|x86.ActiveCfg = Debug|Any CPU
		{134A987C-5DCC-11DE-EDC0-F3B33472D148}.Debug|x86.Build.0 = Debug|Any CPU
		{134A987C-5DCC-11DE-EDC0-F3B33472D148}.Release|Any CPU.ActiveCfg = Release|Any CPU
		{134A987C-5DCC-11DE-EDC0-F3B33472D148}.Release|Any CPU.Build.0 = Release|Any CPU
		{134A987C-5DCC-11DE-EDC0-F3B33472D148}.Release|x64.ActiveCfg = Release|Any CPU
		{134A987C-5DCC-11DE-EDC0-F3B33472D148}.Release|x64.Build.0 = Release|Any CPU
		{134A987C-5DCC-11DE-EDC0-F3B33472D148}.Release|x86.ActiveCfg = Release|Any CPU
		{134A987C-5DCC-11DE-EDC0-F3B33472D148}.Release|x86.Build.0 = Release|Any CPU
		{2BA7536A-3B93-80CC-1384-E053464EF5D9}.Debug|Any CPU.ActiveCfg = Debug|Any CPU
		{2BA7536A-3B93-80CC-1384-E053464EF5D9}.Debug|Any CPU.Build.0 = Debug|Any CPU
		{2BA7536A-3B93-80CC-1384-E053464EF5D9}.Debug|x64.ActiveCfg = Debug|Any CPU
		{2BA7536A-3B93-80CC-1384-E053464EF5D9}.Debug|x64.Build.0 = Debug|Any CPU
		{2BA7536A-3B93-80CC-1384-E053464EF5D9}.Debug|x86.ActiveCfg = Debug|Any CPU
		{2BA7536A-3B93-80CC-1384-E053464EF5D9}.Debug|x86.Build.0 = Debug|Any CPU
		{2BA7536A-3B93-80CC-1384-E053464EF5D9}.Release|Any CPU.ActiveCfg = Release|Any CPU
		{2BA7536A-3B93-80CC-1384-E053464EF5D9}.Release|Any CPU.Build.0 = Release|Any CPU
		{2BA7536A-3B93-80CC-1384-E053464EF5D9}.Release|x64.ActiveCfg = Release|Any CPU
		{2BA7536A-3B93-80CC-1384-E053464EF5D9}.Release|x64.Build.0 = Release|Any CPU
		{2BA7536A-3B93-80CC-1384-E053464EF5D9}.Release|x86.ActiveCfg = Release|Any CPU
		{2BA7536A-3B93-80CC-1384-E053464EF5D9}.Release|x86.Build.0 = Release|Any CPU
		{DA00F376-A618-4706-B7CB-40A1A14B6A55}.Debug|Any CPU.ActiveCfg = Debug|Any CPU
		{DA00F376-A618-4706-B7CB-40A1A14B6A55}.Debug|Any CPU.Build.0 = Debug|Any CPU
		{DA00F376-A618-4706-B7CB-40A1A14B6A55}.Debug|x64.ActiveCfg = Debug|Any CPU
		{DA00F376-A618-4706-B7CB-40A1A14B6A55}.Debug|x64.Build.0 = Debug|Any CPU
		{DA00F376-A618-4706-B7CB-40A1A14B6A55}.Debug|x86.ActiveCfg = Debug|Any CPU
		{DA00F376-A618-4706-B7CB-40A1A14B6A55}.Debug|x86.Build.0 = Debug|Any CPU
		{DA00F376-A618-4706-B7CB-40A1A14B6A55}.Release|Any CPU.ActiveCfg = Release|Any CPU
		{DA00F376-A618-4706-B7CB-40A1A14B6A55}.Release|Any CPU.Build.0 = Release|Any CPU
		{DA00F376-A618-4706-B7CB-40A1A14B6A55}.Release|x64.ActiveCfg = Release|Any CPU
		{DA00F376-A618-4706-B7CB-40A1A14B6A55}.Release|x64.Build.0 = Release|Any CPU
		{DA00F376-A618-4706-B7CB-40A1A14B6A55}.Release|x86.ActiveCfg = Release|Any CPU
		{DA00F376-A618-4706-B7CB-40A1A14B6A55}.Release|x86.Build.0 = Release|Any CPU
		{84E0DB27-DE24-447B-AD22-3199D51FE560}.Debug|Any CPU.ActiveCfg = Debug|Any CPU
		{84E0DB27-DE24-447B-AD22-3199D51FE560}.Debug|Any CPU.Build.0 = Debug|Any CPU
		{84E0DB27-DE24-447B-AD22-3199D51FE560}.Debug|x64.ActiveCfg = Debug|Any CPU
		{84E0DB27-DE24-447B-AD22-3199D51FE560}.Debug|x64.Build.0 = Debug|Any CPU
		{84E0DB27-DE24-447B-AD22-3199D51FE560}.Debug|x86.ActiveCfg = Debug|Any CPU
		{84E0DB27-DE24-447B-AD22-3199D51FE560}.Debug|x86.Build.0 = Debug|Any CPU
		{84E0DB27-DE24-447B-AD22-3199D51FE560}.Release|Any CPU.ActiveCfg = Release|Any CPU
		{84E0DB27-DE24-447B-AD22-3199D51FE560}.Release|Any CPU.Build.0 = Release|Any CPU
		{84E0DB27-DE24-447B-AD22-3199D51FE560}.Release|x64.ActiveCfg = Release|Any CPU
		{84E0DB27-DE24-447B-AD22-3199D51FE560}.Release|x64.Build.0 = Release|Any CPU
		{84E0DB27-DE24-447B-AD22-3199D51FE560}.Release|x86.ActiveCfg = Release|Any CPU
		{84E0DB27-DE24-447B-AD22-3199D51FE560}.Release|x86.Build.0 = Release|Any CPU
		{EF8AB041-7B2B-45E3-A121-47BAC9DAB3A9}.Debug|Any CPU.ActiveCfg = Debug|Any CPU
		{EF8AB041-7B2B-45E3-A121-47BAC9DAB3A9}.Debug|Any CPU.Build.0 = Debug|Any CPU
		{EF8AB041-7B2B-45E3-A121-47BAC9DAB3A9}.Debug|x64.ActiveCfg = Debug|Any CPU
		{EF8AB041-7B2B-45E3-A121-47BAC9DAB3A9}.Debug|x64.Build.0 = Debug|Any CPU
		{EF8AB041-7B2B-45E3-A121-47BAC9DAB3A9}.Debug|x86.ActiveCfg = Debug|Any CPU
		{EF8AB041-7B2B-45E3-A121-47BAC9DAB3A9}.Debug|x86.Build.0 = Debug|Any CPU
		{EF8AB041-7B2B-45E3-A121-47BAC9DAB3A9}.Release|Any CPU.ActiveCfg = Release|Any CPU
		{EF8AB041-7B2B-45E3-A121-47BAC9DAB3A9}.Release|Any CPU.Build.0 = Release|Any CPU
		{EF8AB041-7B2B-45E3-A121-47BAC9DAB3A9}.Release|x64.ActiveCfg = Release|Any CPU
		{EF8AB041-7B2B-45E3-A121-47BAC9DAB3A9}.Release|x64.Build.0 = Release|Any CPU
		{EF8AB041-7B2B-45E3-A121-47BAC9DAB3A9}.Release|x86.ActiveCfg = Release|Any CPU
		{EF8AB041-7B2B-45E3-A121-47BAC9DAB3A9}.Release|x86.Build.0 = Release|Any CPU
		{7D787450-BE49-4B83-9AF3-EC36416223B6}.Debug|Any CPU.ActiveCfg = Debug|Any CPU
		{7D787450-BE49-4B83-9AF3-EC36416223B6}.Debug|Any CPU.Build.0 = Debug|Any CPU
		{7D787450-BE49-4B83-9AF3-EC36416223B6}.Debug|x64.ActiveCfg = Debug|Any CPU
		{7D787450-BE49-4B83-9AF3-EC36416223B6}.Debug|x64.Build.0 = Debug|Any CPU
		{7D787450-BE49-4B83-9AF3-EC36416223B6}.Debug|x86.ActiveCfg = Debug|Any CPU
		{7D787450-BE49-4B83-9AF3-EC36416223B6}.Debug|x86.Build.0 = Debug|Any CPU
		{7D787450-BE49-4B83-9AF3-EC36416223B6}.Release|Any CPU.ActiveCfg = Release|Any CPU
		{7D787450-BE49-4B83-9AF3-EC36416223B6}.Release|Any CPU.Build.0 = Release|Any CPU
		{7D787450-BE49-4B83-9AF3-EC36416223B6}.Release|x64.ActiveCfg = Release|Any CPU
		{7D787450-BE49-4B83-9AF3-EC36416223B6}.Release|x64.Build.0 = Release|Any CPU
		{7D787450-BE49-4B83-9AF3-EC36416223B6}.Release|x86.ActiveCfg = Release|Any CPU
		{7D787450-BE49-4B83-9AF3-EC36416223B6}.Release|x86.Build.0 = Release|Any CPU
		{AEAFD048-F3E0-4837-A05C-87B611A35E95}.Debug|Any CPU.ActiveCfg = Debug|Any CPU
		{AEAFD048-F3E0-4837-A05C-87B611A35E95}.Debug|Any CPU.Build.0 = Debug|Any CPU
		{AEAFD048-F3E0-4837-A05C-87B611A35E95}.Debug|x64.ActiveCfg = Debug|Any CPU
		{AEAFD048-F3E0-4837-A05C-87B611A35E95}.Debug|x64.Build.0 = Debug|Any CPU
		{AEAFD048-F3E0-4837-A05C-87B611A35E95}.Debug|x86.ActiveCfg = Debug|Any CPU
		{AEAFD048-F3E0-4837-A05C-87B611A35E95}.Debug|x86.Build.0 = Debug|Any CPU
		{AEAFD048-F3E0-4837-A05C-87B611A35E95}.Release|Any CPU.ActiveCfg = Release|Any CPU
		{AEAFD048-F3E0-4837-A05C-87B611A35E95}.Release|Any CPU.Build.0 = Release|Any CPU
		{AEAFD048-F3E0-4837-A05C-87B611A35E95}.Release|x64.ActiveCfg = Release|Any CPU
		{AEAFD048-F3E0-4837-A05C-87B611A35E95}.Release|x64.Build.0 = Release|Any CPU
		{AEAFD048-F3E0-4837-A05C-87B611A35E95}.Release|x86.ActiveCfg = Release|Any CPU
		{AEAFD048-F3E0-4837-A05C-87B611A35E95}.Release|x86.Build.0 = Release|Any CPU
		{F11C2682-EA0B-40A2-AD4E-DC4FC9567BDB}.Debug|Any CPU.ActiveCfg = Debug|Any CPU
		{F11C2682-EA0B-40A2-AD4E-DC4FC9567BDB}.Debug|Any CPU.Build.0 = Debug|Any CPU
		{F11C2682-EA0B-40A2-AD4E-DC4FC9567BDB}.Debug|x64.ActiveCfg = Debug|Any CPU
		{F11C2682-EA0B-40A2-AD4E-DC4FC9567BDB}.Debug|x64.Build.0 = Debug|Any CPU
		{F11C2682-EA0B-40A2-AD4E-DC4FC9567BDB}.Debug|x86.ActiveCfg = Debug|Any CPU
		{F11C2682-EA0B-40A2-AD4E-DC4FC9567BDB}.Debug|x86.Build.0 = Debug|Any CPU
		{F11C2682-EA0B-40A2-AD4E-DC4FC9567BDB}.Release|Any CPU.ActiveCfg = Release|Any CPU
		{F11C2682-EA0B-40A2-AD4E-DC4FC9567BDB}.Release|Any CPU.Build.0 = Release|Any CPU
		{F11C2682-EA0B-40A2-AD4E-DC4FC9567BDB}.Release|x64.ActiveCfg = Release|Any CPU
		{F11C2682-EA0B-40A2-AD4E-DC4FC9567BDB}.Release|x64.Build.0 = Release|Any CPU
		{F11C2682-EA0B-40A2-AD4E-DC4FC9567BDB}.Release|x86.ActiveCfg = Release|Any CPU
		{F11C2682-EA0B-40A2-AD4E-DC4FC9567BDB}.Release|x86.Build.0 = Release|Any CPU
		{D9DADEFB-B55F-4FC9-AE73-DB49C0F2166F}.Debug|Any CPU.ActiveCfg = Debug|Any CPU
		{D9DADEFB-B55F-4FC9-AE73-DB49C0F2166F}.Debug|Any CPU.Build.0 = Debug|Any CPU
		{D9DADEFB-B55F-4FC9-AE73-DB49C0F2166F}.Debug|x64.ActiveCfg = Debug|Any CPU
		{D9DADEFB-B55F-4FC9-AE73-DB49C0F2166F}.Debug|x64.Build.0 = Debug|Any CPU
		{D9DADEFB-B55F-4FC9-AE73-DB49C0F2166F}.Debug|x86.ActiveCfg = Debug|Any CPU
		{D9DADEFB-B55F-4FC9-AE73-DB49C0F2166F}.Debug|x86.Build.0 = Debug|Any CPU
		{D9DADEFB-B55F-4FC9-AE73-DB49C0F2166F}.Release|Any CPU.ActiveCfg = Release|Any CPU
		{D9DADEFB-B55F-4FC9-AE73-DB49C0F2166F}.Release|Any CPU.Build.0 = Release|Any CPU
		{D9DADEFB-B55F-4FC9-AE73-DB49C0F2166F}.Release|x64.ActiveCfg = Release|Any CPU
		{D9DADEFB-B55F-4FC9-AE73-DB49C0F2166F}.Release|x64.Build.0 = Release|Any CPU
		{D9DADEFB-B55F-4FC9-AE73-DB49C0F2166F}.Release|x86.ActiveCfg = Release|Any CPU
		{D9DADEFB-B55F-4FC9-AE73-DB49C0F2166F}.Release|x86.Build.0 = Release|Any CPU
		{FC1203EC-4681-4989-B8DE-787C20104427}.Debug|Any CPU.ActiveCfg = Debug|Any CPU
		{FC1203EC-4681-4989-B8DE-787C20104427}.Debug|Any CPU.Build.0 = Debug|Any CPU
		{FC1203EC-4681-4989-B8DE-787C20104427}.Debug|x64.ActiveCfg = Debug|Any CPU
		{FC1203EC-4681-4989-B8DE-787C20104427}.Debug|x64.Build.0 = Debug|Any CPU
		{FC1203EC-4681-4989-B8DE-787C20104427}.Debug|x86.ActiveCfg = Debug|Any CPU
		{FC1203EC-4681-4989-B8DE-787C20104427}.Debug|x86.Build.0 = Debug|Any CPU
		{FC1203EC-4681-4989-B8DE-787C20104427}.Release|Any CPU.ActiveCfg = Release|Any CPU
		{FC1203EC-4681-4989-B8DE-787C20104427}.Release|Any CPU.Build.0 = Release|Any CPU
		{FC1203EC-4681-4989-B8DE-787C20104427}.Release|x64.ActiveCfg = Release|Any CPU
		{FC1203EC-4681-4989-B8DE-787C20104427}.Release|x64.Build.0 = Release|Any CPU
		{FC1203EC-4681-4989-B8DE-787C20104427}.Release|x86.ActiveCfg = Release|Any CPU
		{FC1203EC-4681-4989-B8DE-787C20104427}.Release|x86.Build.0 = Release|Any CPU
		{B930D99F-D6D6-4100-93F4-786296AA66FB}.Debug|Any CPU.ActiveCfg = Debug|Any CPU
		{B930D99F-D6D6-4100-93F4-786296AA66FB}.Debug|Any CPU.Build.0 = Debug|Any CPU
		{B930D99F-D6D6-4100-93F4-786296AA66FB}.Debug|x64.ActiveCfg = Debug|Any CPU
		{B930D99F-D6D6-4100-93F4-786296AA66FB}.Debug|x64.Build.0 = Debug|Any CPU
		{B930D99F-D6D6-4100-93F4-786296AA66FB}.Debug|x86.ActiveCfg = Debug|Any CPU
		{B930D99F-D6D6-4100-93F4-786296AA66FB}.Debug|x86.Build.0 = Debug|Any CPU
		{B930D99F-D6D6-4100-93F4-786296AA66FB}.Release|Any CPU.ActiveCfg = Release|Any CPU
		{B930D99F-D6D6-4100-93F4-786296AA66FB}.Release|Any CPU.Build.0 = Release|Any CPU
		{B930D99F-D6D6-4100-93F4-786296AA66FB}.Release|x64.ActiveCfg = Release|Any CPU
		{B930D99F-D6D6-4100-93F4-786296AA66FB}.Release|x64.Build.0 = Release|Any CPU
		{B930D99F-D6D6-4100-93F4-786296AA66FB}.Release|x86.ActiveCfg = Release|Any CPU
		{B930D99F-D6D6-4100-93F4-786296AA66FB}.Release|x86.Build.0 = Release|Any CPU
	EndGlobalSection
	GlobalSection(SolutionProperties) = preSolution
		HideSolutionNode = FALSE
	EndGlobalSection
	GlobalSection(NestedProjects) = preSolution
		{DD7BD67B-18B0-4867-95FB-0D7D808E8E86} = {1AE8ACA6-933B-BF2A-3671-3E2EAC007D16}
		{1386EB73-4D46-1E87-6D96-F24F141CC914} = {CE609670-85B9-0D16-FB54-ED063D5D8A6D}
		{F436E7A0-74E8-4B39-AEF7-31651753AAAC} = {1386EB73-4D46-1E87-6D96-F24F141CC914}
		{D6D72BC4-2D30-6D70-7335-A44FA87B92BD} = {6C83A596-D32D-B35F-00DD-F0C99B673980}
		{134A987C-5DCC-11DE-EDC0-F3B33472D148} = {6C83A596-D32D-B35F-00DD-F0C99B673980}
		{34EAF5CD-A7F6-467E-BA4F-B2896A9EE49A} = {CE609670-85B9-0D16-FB54-ED063D5D8A6D}
		{2BA7536A-3B93-80CC-1384-E053464EF5D9} = {34EAF5CD-A7F6-467E-BA4F-B2896A9EE49A}
		{DA00F376-A618-4706-B7CB-40A1A14B6A55} = {1AE8ACA6-933B-BF2A-3671-3E2EAC007D16}
		{84E0DB27-DE24-447B-AD22-3199D51FE560} = {4F52FD11-658E-A102-6CD3-7D7C16FFA15B}
		{FB535C2D-5F9E-8F9D-3078-E1807DACB549} = {CE609670-85B9-0D16-FB54-ED063D5D8A6D}
		{EF8AB041-7B2B-45E3-A121-47BAC9DAB3A9} = {FB535C2D-5F9E-8F9D-3078-E1807DACB549}
		{B5A317D2-94A9-FE6E-E6B2-08AFA0125FA7} = {CE609670-85B9-0D16-FB54-ED063D5D8A6D}
		{7D787450-BE49-4B83-9AF3-EC36416223B6} = {B5A317D2-94A9-FE6E-E6B2-08AFA0125FA7}
		{AEAFD048-F3E0-4837-A05C-87B611A35E95} = {1AE8ACA6-933B-BF2A-3671-3E2EAC007D16}
		{582FDB09-C0FC-D983-E123-58781FC5EDAF} = {CE609670-85B9-0D16-FB54-ED063D5D8A6D}
		{F11C2682-EA0B-40A2-AD4E-DC4FC9567BDB} = {582FDB09-C0FC-D983-E123-58781FC5EDAF}
		{D9DADEFB-B55F-4FC9-AE73-DB49C0F2166F} = {1AE8ACA6-933B-BF2A-3671-3E2EAC007D16}
		{FC1203EC-4681-4989-B8DE-787C20104427} = {34EAF5CD-A7F6-467E-BA4F-B2896A9EE49A}
		{B930D99F-D6D6-4100-93F4-786296AA66FB} = {FB535C2D-5F9E-8F9D-3078-E1807DACB549}
	EndGlobalSection
	GlobalSection(ExtensibilityGlobals) = postSolution
		SolutionGuid = {37E33C99-9A8C-42ED-9D44-A6776FC76463}
	EndGlobalSection
EndGlobal
